
Microsoft Visual Studio Solution File, Format Version 12.00
# Visual Studio Version 17
VisualStudioVersion = 17.1.32319.34
MinimumVisualStudioVersion = 10.0.40219.1
Project("{FAE04EC0-301F-11D3-BF4B-00C04F79EFBC}") = "WebProject_01", "WebProject_01\WebProject_01.csproj", "{8D6E5986-BA8B-4464-84B7-44D529D612B3}"
EndProject
Global
	GlobalSection(SolutionConfigurationPlatforms) = preSolution
		Debug|Any CPU = Debug|Any CPU
		Release|Any CPU = Release|Any CPU
	EndGlobalSection
	GlobalSection(ProjectConfigurationPlatforms) = postSolution
		{8D6E5986-BA8B-4464-84B7-44D529D612B3}.Debug|Any CPU.ActiveCfg = Debug|Any CPU
		{8D6E5986-BA8B-4464-84B7-44D529D612B3}.Debug|Any CPU.Build.0 = Debug|Any CPU
		{8D6E5986-BA8B-4464-84B7-44D529D612B3}.Release|Any CPU.ActiveCfg = Release|Any CPU
		{8D6E5986-BA8B-4464-84B7-44D529D612B3}.Release|Any CPU.Build.0 = Release|Any CPU
	EndGlobalSection
	GlobalSection(SolutionProperties) = preSolution
		HideSolutionNode = FALSE
	EndGlobalSection
	GlobalSection(ExtensibilityGlobals) = postSolution
		SolutionGuid = {143109F8-57CD-4075-BE2B-FA6BD6B5C742}
	EndGlobalSection
EndGlobal
